{
  "pins" : [
    {
      "identity" : "stringkit",
      "kind" : "remoteSourceControl",
      "location" : "https://github.com/RickStreet/StringKit.git",
      "state" : {
        "revision" : "b4205f72b24552d057e32a12891198b5ad85f5fe",
        "version" : "1.0.52"
      }
    }
  ],
  "version" : 2
}
