{
  "pins" : [
    {
      "identity" : "stringkit",
      "kind" : "remoteSourceControl",
      "location" : "https://github.com/RickStreet/StringKit.git",
      "state" : {
        "revision" : "eaecd85e748abf6bb8448efab427bd5ab5c910ad",
        "version" : "1.0.53"
      }
    }
  ],
  "version" : 2
}
